// !$*UTF8*$!
{
	archiveVersion = 1;
	classes = {
	};
	objectVersion = 50;
	objects = {

/* Begin PBXBuildFile section */
		530E488C2663836100790DA3 /* Parent_s_GuideApp.swift in Sources */ = {isa = PBXBuildFile; fileRef = 530E488B2663836100790DA3 /* Parent_s_GuideApp.swift */; };
		530E488E2663836100790DA3 /* ContentView.swift in Sources */ = {isa = PBXBuildFile; fileRef = 530E488D2663836100790DA3 /* ContentView.swift */; };
		530E48902663836600790DA3 /* Assets.xcassets in Resources */ = {isa = PBXBuildFile; fileRef = 530E488F2663836600790DA3 /* Assets.xcassets */; };
		530E48932663836600790DA3 /* Preview Assets.xcassets in Resources */ = {isa = PBXBuildFile; fileRef = 530E48922663836600790DA3 /* Preview Assets.xcassets */; };
		530E48952663836600790DA3 /* Persistence.swift in Sources */ = {isa = PBXBuildFile; fileRef = 530E48942663836600790DA3 /* Persistence.swift */; };
		530E48982663836600790DA3 /* Parent_s_Guide.xcdatamodeld in Sources */ = {isa = PBXBuildFile; fileRef = 530E48962663836600790DA3 /* Parent_s_Guide.xcdatamodeld */; };
		530E48A32663836600790DA3 /* Parent_s_GuideTests.swift in Sources */ = {isa = PBXBuildFile; fileRef = 530E48A22663836600790DA3 /* Parent_s_GuideTests.swift */; };
		530E48AE2663836600790DA3 /* Parent_s_GuideUITests.swift in Sources */ = {isa = PBXBuildFile; fileRef = 530E48AD2663836600790DA3 /* Parent_s_GuideUITests.swift */; };
/* End PBXBuildFile section */

/* Begin PBXContainerItemProxy section */
		530E489F2663836600790DA3 /* PBXContainerItemProxy */ = {
			isa = PBXContainerItemProxy;
			containerPortal = 530E48802663836100790DA3 /* Project object */;
			proxyType = 1;
			remoteGlobalIDString = 530E48872663836100790DA3;
			remoteInfo = "Parent's Guide";
		};
		530E48AA2663836600790DA3 /* PBXContainerItemProxy */ = {
			isa = PBXContainerItemProxy;
			containerPortal = 530E48802663836100790DA3 /* Project object */;
			proxyType = 1;
			remoteGlobalIDString = 530E48872663836100790DA3;
			remoteInfo = "Parent's Guide";
		};
/* End PBXContainerItemProxy section */

/* Begin PBXFileReference section */
		530E48882663836100790DA3 /* Parent's Guide.app */ = {isa = PBXFileReference; explicitFileType = wrapper.application; includeInIndex = 0; path = "Parent's Guide.app"; sourceTree = BUILT_PRODUCTS_DIR; };
		530E488B2663836100790DA3 /* Parent_s_GuideApp.swift */ = {isa = PBXFileReference; lastKnownFileType = sourcecode.swift; path = Parent_s_GuideApp.swift; sourceTree = "<group>"; };
		530E488D2663836100790DA3 /* ContentView.swift */ = {isa = PBXFileReference; lastKnownFileType = sourcecode.swift; path = ContentView.swift; sourceTree = "<group>"; };
		530E488F2663836600790DA3 /* Assets.xcassets */ = {isa = PBXFileReference; lastKnownFileType = folder.assetcatalog; path = Assets.xcassets; sourceTree = "<group>"; };
		530E48922663836600790DA3 /* Preview Assets.xcassets */ = {isa = PBXFileReference; lastKnownFileType = folder.assetcatalog; path = "Preview Assets.xcassets"; sourceTree = "<group>"; };
		530E48942663836600790DA3 /* Persistence.swift */ = {isa = PBXFileReference; lastKnownFileType = sourcecode.swift; path = Persistence.swift; sourceTree = "<group>"; };
		530E48972663836600790DA3 /* Parent_s_Guide.xcdatamodel */ = {isa = PBXFileReference; lastKnownFileType = wrapper.xcdatamodel; path = Parent_s_Guide.xcdatamodel; sourceTree = "<group>"; };
		530E48992663836600790DA3 /* Info.plist */ = {isa = PBXFileReference; lastKnownFileType = text.plist.xml; path = Info.plist; sourceTree = "<group>"; };
		530E489E2663836600790DA3 /* Parent's GuideTests.xctest */ = {isa = PBXFileReference; explicitFileType = wrapper.cfbundle; includeInIndex = 0; path = "Parent's GuideTests.xctest"; sourceTree = BUILT_PRODUCTS_DIR; };
		530E48A22663836600790DA3 /* Parent_s_GuideTests.swift */ = {isa = PBXFileReference; lastKnownFileType = sourcecode.swift; path = Parent_s_GuideTests.swift; sourceTree = "<group>"; };
		530E48A42663836600790DA3 /* Info.plist */ = {isa = PBXFileReference; lastKnownFileType = text.plist.xml; path = Info.plist; sourceTree = "<group>"; };
		530E48A92663836600790DA3 /* Parent's GuideUITests.xctest */ = {isa = PBXFileReference; explicitFileType = wrapper.cfbundle; includeInIndex = 0; path = "Parent's GuideUITests.xctest"; sourceTree = BUILT_PRODUCTS_DIR; };
		530E48AD2663836600790DA3 /* Parent_s_GuideUITests.swift */ = {isa = PBXFileReference; lastKnownFileType = sourcecode.swift; path = Parent_s_GuideUITests.swift; sourceTree = "<group>"; };
		530E48AF2663836600790DA3 /* Info.plist */ = {isa = PBXFileReference; lastKnownFileType = text.plist.xml; path = Info.plist; sourceTree = "<group>"; };
/* End PBXFileReference section */

/* Begin PBXFrameworksBuildPhase section */
		530E48852663836100790DA3 /* Frameworks */ = {
			isa = PBXFrameworksBuildPhase;
			buildActionMask = 2147483647;
			files = (
			);
			runOnlyForDeploymentPostprocessing = 0;
		};
		530E489B2663836600790DA3 /* Frameworks */ = {
			isa = PBXFrameworksBuildPhase;
			buildActionMask = 2147483647;
			files = (
			);
			runOnlyForDeploymentPostprocessing = 0;
		};
		530E48A62663836600790DA3 /* Frameworks */ = {
			isa = PBXFrameworksBuildPhase;
			buildActionMask = 2147483647;
			files = (
			);
			runOnlyForDeploymentPostprocessing = 0;
		};
/* End PBXFrameworksBuildPhase section */

/* Begin PBXGroup section */
		530E487F2663836100790DA3 = {
			isa = PBXGroup;
			children = (
				530E488A2663836100790DA3 /* Parent's Guide */,
				530E48A12663836600790DA3 /* Parent's GuideTests */,
				530E48AC2663836600790DA3 /* Parent's GuideUITests */,
				530E48892663836100790DA3 /* Products */,
			);
			sourceTree = "<group>";
		};
		530E48892663836100790DA3 /* Products */ = {
			isa = PBXGroup;
			children = (
				530E48882663836100790DA3 /* Parent's Guide.app */,
				530E489E2663836600790DA3 /* Parent's GuideTests.xctest */,
				530E48A92663836600790DA3 /* Parent's GuideUITests.xctest */,
			);
			name = Products;
			sourceTree = "<group>";
		};
		530E488A2663836100790DA3 /* Parent's Guide */ = {
			isa = PBXGroup;
			children = (
				530E488B2663836100790DA3 /* Parent_s_GuideApp.swift */,
				530E488D2663836100790DA3 /* ContentView.swift */,
				530E488F2663836600790DA3 /* Assets.xcassets */,
				530E48942663836600790DA3 /* Persistence.swift */,
				530E48992663836600790DA3 /* Info.plist */,
				530E48962663836600790DA3 /* Parent_s_Guide.xcdatamodeld */,
				530E48912663836600790DA3 /* Preview Content */,
			);
			path = "Parent's Guide";
			sourceTree = "<group>";
		};
		530E48912663836600790DA3 /* Preview Content */ = {
			isa = PBXGroup;
			children = (
				530E48922663836600790DA3 /* Preview Assets.xcassets */,
			);
			path = "Preview Content";
			sourceTree = "<group>";
		};
		530E48A12663836600790DA3 /* Parent's GuideTests */ = {
			isa = PBXGroup;
			children = (
				530E48A22663836600790DA3 /* Parent_s_GuideTests.swift */,
				530E48A42663836600790DA3 /* Info.plist */,
			);
			path = "Parent's GuideTests";
			sourceTree = "<group>";
		};
		530E48AC2663836600790DA3 /* Parent's GuideUITests */ = {
			isa = PBXGroup;
			children = (
				530E48AD2663836600790DA3 /* Parent_s_GuideUITests.swift */,
				530E48AF2663836600790DA3 /* Info.plist */,
			);
			path = "Parent's GuideUITests";
			sourceTree = "<group>";
		};
/* End PBXGroup section */

/* Begin PBXNativeTarget section */
		530E48872663836100790DA3 /* Parent's Guide */ = {
			isa = PBXNativeTarget;
			buildConfigurationList = 530E48B22663836600790DA3 /* Build configuration list for PBXNativeTarget "Parent's Guide" */;
			buildPhases = (
				530E48842663836100790DA3 /* Sources */,
				530E48852663836100790DA3 /* Frameworks */,
				530E48862663836100790DA3 /* Resources */,
			);
			buildRules = (
			);
			dependencies = (
			);
			name = "Parent's Guide";
			productName = "Parent's Guide";
			productReference = 530E48882663836100790DA3 /* Parent's Guide.app */;
			productType = "com.apple.product-type.application";
		};
		530E489D2663836600790DA3 /* Parent's GuideTests */ = {
			isa = PBXNativeTarget;
			buildConfigurationList = 530E48B52663836600790DA3 /* Build configuration list for PBXNativeTarget "Parent's GuideTests" */;
			buildPhases = (
				530E489A2663836600790DA3 /* Sources */,
				530E489B2663836600790DA3 /* Frameworks */,
				530E489C2663836600790DA3 /* Resources */,
			);
			buildRules = (
			);
			dependencies = (
				530E48A02663836600790DA3 /* PBXTargetDependency */,
			);
			name = "Parent's GuideTests";
			productName = "Parent's GuideTests";
			productReference = 530E489E2663836600790DA3 /* Parent's GuideTests.xctest */;
			productType = "com.apple.product-type.bundle.unit-test";
		};
		530E48A82663836600790DA3 /* Parent's GuideUITests */ = {
			isa = PBXNativeTarget;
			buildConfigurationList = 530E48B82663836600790DA3 /* Build configuration list for PBXNativeTarget "Parent's GuideUITests" */;
			buildPhases = (
				530E48A52663836600790DA3 /* Sources */,
				530E48A62663836600790DA3 /* Frameworks */,
				530E48A72663836600790DA3 /* Resources */,
			);
			buildRules = (
			);
			dependencies = (
				530E48AB2663836600790DA3 /* PBXTargetDependency */,
			);
			name = "Parent's GuideUITests";
			productName = "Parent's GuideUITests";
			productReference = 530E48A92663836600790DA3 /* Parent's GuideUITests.xctest */;
			productType = "com.apple.product-type.bundle.ui-testing";
		};
/* End PBXNativeTarget section */

/* Begin PBXProject section */
		530E48802663836100790DA3 /* Project object */ = {
			isa = PBXProject;
			attributes = {
				LastSwiftUpdateCheck = 1250;
				LastUpgradeCheck = 1250;
				TargetAttributes = {
					530E48872663836100790DA3 = {
						CreatedOnToolsVersion = 12.5;
					};
					530E489D2663836600790DA3 = {
						CreatedOnToolsVersion = 12.5;
						TestTargetID = 530E48872663836100790DA3;
					};
					530E48A82663836600790DA3 = {
						CreatedOnToolsVersion = 12.5;
						TestTargetID = 530E48872663836100790DA3;
					};
				};
			};
			buildConfigurationList = 530E48832663836100790DA3 /* Build configuration list for PBXProject "Parent's Guide" */;
			compatibilityVersion = "Xcode 9.3";
			developmentRegion = en;
			hasScannedForEncodings = 0;
			knownRegions = (
				en,
				Base,
			);
			mainGroup = 530E487F2663836100790DA3;
			productRefGroup = 530E48892663836100790DA3 /* Products */;
			projectDirPath = "";
			projectRoot = "";
			targets = (
				530E48872663836100790DA3 /* Parent's Guide */,
				530E489D2663836600790DA3 /* Parent's GuideTests */,
				530E48A82663836600790DA3 /* Parent's GuideUITests */,
			);
		};
/* End PBXProject section */

/* Begin PBXResourcesBuildPhase section */
		530E48862663836100790DA3 /* Resources */ = {
			isa = PBXResourcesBuildPhase;
			buildActionMask = 2147483647;
			files = (
				530E48932663836600790DA3 /* Preview Assets.xcassets in Resources */,
				530E48902663836600790DA3 /* Assets.xcassets in Resources */,
			);
			runOnlyForDeploymentPostprocessing = 0;
		};
		530E489C2663836600790DA3 /* Resources */ = {
			isa = PBXResourcesBuildPhase;
			buildActionMask = 2147483647;
			files = (
			);
			runOnlyForDeploymentPostprocessing = 0;
		};
		530E48A72663836600790DA3 /* Resources */ = {
			isa = PBXResourcesBuildPhase;
			buildActionMask = 2147483647;
			files = (
			);
			runOnlyForDeploymentPostprocessing = 0;
		};
/* End PBXResourcesBuildPhase section */

/* Begin PBXSourcesBuildPhase section */
		530E48842663836100790DA3 /* Sources */ = {
			isa = PBXSourcesBuildPhase;
			buildActionMask = 2147483647;
			files = (
				530E48982663836600790DA3 /* Parent_s_Guide.xcdatamodeld in Sources */,
				530E48952663836600790DA3 /* Persistence.swift in Sources */,
				530E488E2663836100790DA3 /* ContentView.swift in Sources */,
				530E488C2663836100790DA3 /* Parent_s_GuideApp.swift in Sources */,
			);
			runOnlyForDeploymentPostprocessing = 0;
		};
		530E489A2663836600790DA3 /* Sources */ = {
			isa = PBXSourcesBuildPhase;
			buildActionMask = 2147483647;
			files = (
				530E48A32663836600790DA3 /* Parent_s_GuideTests.swift in Sources */,
			);
			runOnlyForDeploymentPostprocessing = 0;
		};
		530E48A52663836600790DA3 /* Sources */ = {
			isa = PBXSourcesBuildPhase;
			buildActionMask = 2147483647;
			files = (
				530E48AE2663836600790DA3 /* Parent_s_GuideUITests.swift in Sources */,
			);
			runOnlyForDeploymentPostprocessing = 0;
		};
/* End PBXSourcesBuildPhase section */

/* Begin PBXTargetDependency section */
		530E48A02663836600790DA3 /* PBXTargetDependency */ = {
			isa = PBXTargetDependency;
			target = 530E48872663836100790DA3 /* Parent's Guide */;
			targetProxy = 530E489F2663836600790DA3 /* PBXContainerItemProxy */;
		};
		530E48AB2663836600790DA3 /* PBXTargetDependency */ = {
			isa = PBXTargetDependency;
			target = 530E48872663836100790DA3 /* Parent's Guide */;
			targetProxy = 530E48AA2663836600790DA3 /* PBXContainerItemProxy */;
		};
/* End PBXTargetDependency section */

/* Begin XCBuildConfiguration section */
		530E48B02663836600790DA3 /* Debug */ = {
			isa = XCBuildConfiguration;
			buildSettings = {
				ALWAYS_SEARCH_USER_PATHS = NO;
				CLANG_ANALYZER_NONNULL = YES;
				CLANG_ANALYZER_NUMBER_OBJECT_CONVERSION = YES_AGGRESSIVE;
				CLANG_CXX_LANGUAGE_STANDARD = "gnu++14";
				CLANG_CXX_LIBRARY = "libc++";
				CLANG_ENABLE_MODULES = YES;
				CLANG_ENABLE_OBJC_ARC = YES;
				CLANG_ENABLE_OBJC_WEAK = YES;
				CLANG_WARN_BLOCK_CAPTURE_AUTORELEASING = YES;
				CLANG_WARN_BOOL_CONVERSION = YES;
				CLANG_WARN_COMMA = YES;
				CLANG_WARN_CONSTANT_CONVERSION = YES;
				CLANG_WARN_DEPRECATED_OBJC_IMPLEMENTATIONS = YES;
				CLANG_WARN_DIRECT_OBJC_ISA_USAGE = YES_ERROR;
				CLANG_WARN_DOCUMENTATION_COMMENTS = YES;
				CLANG_WARN_EMPTY_BODY = YES;
				CLANG_WARN_ENUM_CONVERSION = YES;
				CLANG_WARN_INFINITE_RECURSION = YES;
				CLANG_WARN_INT_CONVERSION = YES;
				CLANG_WARN_NON_LITERAL_NULL_CONVERSION = YES;
				CLANG_WARN_OBJC_IMPLICIT_RETAIN_SELF = YES;
				CLANG_WARN_OBJC_LITERAL_CONVERSION = YES;
				CLANG_WARN_OBJC_ROOT_CLASS = YES_ERROR;
				CLANG_WARN_QUOTED_INCLUDE_IN_FRAMEWORK_HEADER = YES;
				CLANG_WARN_RANGE_LOOP_ANALYSIS = YES;
				CLANG_WARN_STRICT_PROTOTYPES = YES;
				CLANG_WARN_SUSPICIOUS_MOVE = YES;
				CLANG_WARN_UNGUARDED_AVAILABILITY = YES_AGGRESSIVE;
				CLANG_WARN_UNREACHABLE_CODE = YES;
				CLANG_WARN__DUPLICATE_METHOD_MATCH = YES;
				COPY_PHASE_STRIP = NO;
				DEBUG_INFORMATION_FORMAT = dwarf;
				ENABLE_STRICT_OBJC_MSGSEND = YES;
				ENABLE_TESTABILITY = YES;
				GCC_C_LANGUAGE_STANDARD = gnu11;
				GCC_DYNAMIC_NO_PIC = NO;
				GCC_NO_COMMON_BLOCKS = YES;
				GCC_OPTIMIZATION_LEVEL = 0;
				GCC_PREPROCESSOR_DEFINITIONS = (
					"DEBUG=1",
					"$(inherited)",
				);
				GCC_WARN_64_TO_32_BIT_CONVERSION = YES;
				GCC_WARN_ABOUT_RETURN_TYPE = YES_ERROR;
				GCC_WARN_UNDECLARED_SELECTOR = YES;
				GCC_WARN_UNINITIALIZED_AUTOS = YES_AGGRESSIVE;
				GCC_WARN_UNUSED_FUNCTION = YES;
				GCC_WARN_UNUSED_VARIABLE = YES;
				IPHONEOS_DEPLOYMENT_TARGET = 14.5;
				MTL_ENABLE_DEBUG_INFO = INCLUDE_SOURCE;
				MTL_FAST_MATH = YES;
				ONLY_ACTIVE_ARCH = YES;
				SDKROOT = iphoneos;
				SWIFT_ACTIVE_COMPILATION_CONDITIONS = DEBUG;
				SWIFT_OPTIMIZATION_LEVEL = "-Onone";
			};
			name = Debug;
		};
		530E48B12663836600790DA3 /* Release */ = {
			isa = XCBuildConfiguration;
			buildSettings = {
				ALWAYS_SEARCH_USER_PATHS = NO;
				CLANG_ANALYZER_NONNULL = YES;
				CLANG_ANALYZER_NUMBER_OBJECT_CONVERSION = YES_AGGRESSIVE;
				CLANG_CXX_LANGUAGE_STANDARD = "gnu++14";
				CLANG_CXX_LIBRARY = "libc++";
				CLANG_ENABLE_MODULES = YES;
				CLANG_ENABLE_OBJC_ARC = YES;
				CLANG_ENABLE_OBJC_WEAK = YES;
				CLANG_WARN_BLOCK_CAPTURE_AUTORELEASING = YES;
				CLANG_WARN_BOOL_CONVERSION = YES;
				CLANG_WARN_COMMA = YES;
				CLANG_WARN_CONSTANT_CONVERSION = YES;
				CLANG_WARN_DEPRECATED_OBJC_IMPLEMENTATIONS = YES;
				CLANG_WARN_DIRECT_OBJC_ISA_USAGE = YES_ERROR;
				CLANG_WARN_DOCUMENTATION_COMMENTS = YES;
				CLANG_WARN_EMPTY_BODY = YES;
				CLANG_WARN_ENUM_CONVERSION = YES;
				CLANG_WARN_INFINITE_RECURSION = YES;
				CLANG_WARN_INT_CONVERSION = YES;
				CLANG_WARN_NON_LITERAL_NULL_CONVERSION = YES;
				CLANG_WARN_OBJC_IMPLICIT_RETAIN_SELF = YES;
				CLANG_WARN_OBJC_LITERAL_CONVERSION = YES;
				CLANG_WARN_OBJC_ROOT_CLASS = YES_ERROR;
				CLANG_WARN_QUOTED_INCLUDE_IN_FRAMEWORK_HEADER = YES;
				CLANG_WARN_RANGE_LOOP_ANALYSIS = YES;
				CLANG_WARN_STRICT_PROTOTYPES = YES;
				CLANG_WARN_SUSPICIOUS_MOVE = YES;
				CLANG_WARN_UNGUARDED_AVAILABILITY = YES_AGGRESSIVE;
				CLANG_WARN_UNREACHABLE_CODE = YES;
				CLANG_WARN__DUPLICATE_METHOD_MATCH = YES;
				COPY_PHASE_STRIP = NO;
				DEBUG_INFORMATION_FORMAT = "dwarf-with-dsym";
				ENABLE_NS_ASSERTIONS = NO;
				ENABLE_STRICT_OBJC_MSGSEND = YES;
				GCC_C_LANGUAGE_STANDARD = gnu11;
				GCC_NO_COMMON_BLOCKS = YES;
				GCC_WARN_64_TO_32_BIT_CONVERSION = YES;
				GCC_WARN_ABOUT_RETURN_TYPE = YES_ERROR;
				GCC_WARN_UNDECLARED_SELECTOR = YES;
				GCC_WARN_UNINITIALIZED_AUTOS = YES_AGGRESSIVE;
				GCC_WARN_UNUSED_FUNCTION = YES;
				GCC_WARN_UNUSED_VARIABLE = YES;
				IPHONEOS_DEPLOYMENT_TARGET = 14.5;
				MTL_ENABLE_DEBUG_INFO = NO;
				MTL_FAST_MATH = YES;
				SDKROOT = iphoneos;
				SWIFT_COMPILATION_MODE = wholemodule;
				SWIFT_OPTIMIZATION_LEVEL = "-O";
				VALIDATE_PRODUCT = YES;
			};
			name = Release;
		};
		530E48B32663836600790DA3 /* Debug */ = {
			isa = XCBuildConfiguration;
			buildSettings = {
				ASSETCATALOG_COMPILER_APPICON_NAME = AppIcon;
				ASSETCATALOG_COMPILER_GLOBAL_ACCENT_COLOR_NAME = AccentColor;
				CODE_SIGN_STYLE = Automatic;
				DEVELOPMENT_ASSET_PATHS = "\"Parent's Guide/Preview Content\"";
				DEVELOPMENT_TEAM = 8BVTTN7PFH;
				ENABLE_PREVIEWS = YES;
				INFOPLIST_FILE = "Parent's Guide/Info.plist";
				IPHONEOS_DEPLOYMENT_TARGET = 14.0;
				LD_RUNPATH_SEARCH_PATHS = (
					"$(inherited)",
					"@executable_path/Frameworks",
				);
				PRODUCT_BUNDLE_IDENTIFIER = "com.hackingwithswift.Parent-s-Guide";
				PRODUCT_NAME = "$(TARGET_NAME)";
				SWIFT_VERSION = 5.0;
				TARGETED_DEVICE_FAMILY = "1,2";
			};
			name = Debug;
		};
		530E48B42663836600790DA3 /* Release */ = {
			isa = XCBuildConfiguration;
			buildSettings = {
				ASSETCATALOG_COMPILER_APPICON_NAME = AppIcon;
				ASSETCATALOG_COMPILER_GLOBAL_ACCENT_COLOR_NAME = AccentColor;
				CODE_SIGN_STYLE = Automatic;
				DEVELOPMENT_ASSET_PATHS = "\"Parent's Guide/Preview Content\"";
				DEVELOPMENT_TEAM = 8BVTTN7PFH;
				ENABLE_PREVIEWS = YES;
				INFOPLIST_FILE = "Parent's Guide/Info.plist";
				IPHONEOS_DEPLOYMENT_TARGET = 14.0;
				LD_RUNPATH_SEARCH_PATHS = (
					"$(inherited)",
					"@executable_path/Frameworks",
				);
				PRODUCT_BUNDLE_IDENTIFIER = "com.hackingwithswift.Parent-s-Guide";
				PRODUCT_NAME = "$(TARGET_NAME)";
				SWIFT_VERSION = 5.0;
				TARGETED_DEVICE_FAMILY = "1,2";
			};
			name = Release;
		};
		530E48B62663836600790DA3 /* Debug */ = {
			isa = XCBuildConfiguration;
			buildSettings = {
				ALWAYS_EMBED_SWIFT_STANDARD_LIBRARIES = YES;
				BUNDLE_LOADER = "$(TEST_HOST)";
				CODE_SIGN_STYLE = Automatic;
				DEVELOPMENT_TEAM = 8BVTTN7PFH;
				INFOPLIST_FILE = "Parent's GuideTests/Info.plist";
				IPHONEOS_DEPLOYMENT_TARGET = 14.0;
				LD_RUNPATH_SEARCH_PATHS = (
					"$(inherited)",
					"@executable_path/Frameworks",
					"@loader_path/Frameworks",
				);
				PRODUCT_BUNDLE_IDENTIFIER = "com.hackingwithswift.Parent-s-GuideTests";
				PRODUCT_NAME = "$(TARGET_NAME)";
				SWIFT_VERSION = 5.0;
				TARGETED_DEVICE_FAMILY = "1,2";
				TEST_HOST = "$(BUILT_PRODUCTS_DIR)/Parent's Guide.app/Parent's Guide";
			};
			name = Debug;
		};
		530E48B72663836600790DA3 /* Release */ = {
			isa = XCBuildConfiguration;
			buildSettings = {
				ALWAYS_EMBED_SWIFT_STANDARD_LIBRARIES = YES;
				BUNDLE_LOADER = "$(TEST_HOST)";
				CODE_SIGN_STYLE = Automatic;
				DEVELOPMENT_TEAM = 8BVTTN7PFH;
				INFOPLIST_FILE = "Parent's GuideTests/Info.plist";
				IPHONEOS_DEPLOYMENT_TARGET = 14.0;
				LD_RUNPATH_SEARCH_PATHS = (
					"$(inherited)",
					"@executable_path/Frameworks",
					"@loader_path/Frameworks",
				);
				PRODUCT_BUNDLE_IDENTIFIER = "com.hackingwithswift.Parent-s-GuideTests";
				PRODUCT_NAME = "$(TARGET_NAME)";
				SWIFT_VERSION = 5.0;
				TARGETED_DEVICE_FAMILY = "1,2";
				TEST_HOST = "$(BUILT_PRODUCTS_DIR)/Parent's Guide.app/Parent's Guide";
			};
			name = Release;
		};
		530E48B92663836600790DA3 /* Debug */ = {
			isa = XCBuildConfiguration;
			buildSettings = {
				ALWAYS_EMBED_SWIFT_STANDARD_LIBRARIES = YES;
				CODE_SIGN_STYLE = Automatic;
				DEVELOPMENT_TEAM = 8BVTTN7PFH;
				INFOPLIST_FILE = "Parent's GuideUITests/Info.plist";
				LD_RUNPATH_SEARCH_PATHS = (
					"$(inherited)",
					"@executable_path/Frameworks",
					"@loader_path/Frameworks",
				);
				PRODUCT_BUNDLE_IDENTIFIER = "com.hackingwithswift.Parent-s-GuideUITests";
				PRODUCT_NAME = "$(TARGET_NAME)";
				SWIFT_VERSION = 5.0;
				TARGETED_DEVICE_FAMILY = "1,2";
				TEST_TARGET_NAME = "Parent's Guide";
			};
			name = Debug;
		};
		530E48BA2663836600790DA3 /* Release */ = {
			isa = XCBuildConfiguration;
			buildSettings = {
				ALWAYS_EMBED_SWIFT_STANDARD_LIBRARIES = YES;
				CODE_SIGN_STYLE = Automatic;
				DEVELOPMENT_TEAM = 8BVTTN7PFH;
				INFOPLIST_FILE = "Parent's GuideUITests/Info.plist";
				LD_RUNPATH_SEARCH_PATHS = (
					"$(inherited)",
					"@executable_path/Frameworks",
					"@loader_path/Frameworks",
				);
				PRODUCT_BUNDLE_IDENTIFIER = "com.hackingwithswift.Parent-s-GuideUITests";
				PRODUCT_NAME = "$(TARGET_NAME)";
				SWIFT_VERSION = 5.0;
				TARGETED_DEVICE_FAMILY = "1,2";
				TEST_TARGET_NAME = "Parent's Guide";
			};
			name = Release;
		};
/* End XCBuildConfiguration section */

/* Begin XCConfigurationList section */
		530E48832663836100790DA3 /* Build configuration list for PBXProject "Parent's Guide" */ = {
			isa = XCConfigurationList;
			buildConfigurations = (
				530E48B02663836600790DA3 /* Debug */,
				530E48B12663836600790DA3 /* Release */,
			);
			defaultConfigurationIsVisible = 0;
			defaultConfigurationName = Release;
		};
		530E48B22663836600790DA3 /* Build configuration list for PBXNativeTarget "Parent's Guide" */ = {
			isa = XCConfigurationList;
			buildConfigurations = (
				530E48B32663836600790DA3 /* Debug */,
				530E48B42663836600790DA3 /* Release */,
			);
			defaultConfigurationIsVisible = 0;
			defaultConfigurationName = Release;
		};
		530E48B52663836600790DA3 /* Build configuration list for PBXNativeTarget "Parent's GuideTests" */ = {
			isa = XCConfigurationList;
			buildConfigurations = (
				530E48B62663836600790DA3 /* Debug */,
				530E48B72663836600790DA3 /* Release */,
			);
			defaultConfigurationIsVisible = 0;
			defaultConfigurationName = Release;
		};
		530E48B82663836600790DA3 /* Build configuration list for PBXNativeTarget "Parent's GuideUITests" */ = {
			isa = XCConfigurationList;
			buildConfigurations = (
				530E48B92663836600790DA3 /* Debug */,
				530E48BA2663836600790DA3 /* Release */,
			);
			defaultConfigurationIsVisible = 0;
			defaultConfigurationName = Release;
		};
/* End XCConfigurationList section */

/* Begin XCVersionGroup section */
		530E48962663836600790DA3 /* Parent_s_Guide.xcdatamodeld */ = {
			isa = XCVersionGroup;
			children = (
				530E48972663836600790DA3 /* Parent_s_Guide.xcdatamodel */,
			);
			currentVersion = 530E48972663836600790DA3 /* Parent_s_Guide.xcdatamodel */;
			path = Parent_s_Guide.xcdatamodeld;
			sourceTree = "<group>";
			versionGroupType = wrapper.xcdatamodel;
		};
/* End XCVersionGroup section */
	};
	rootObject = 530E48802663836100790DA3 /* Project object */;
}
